
Microsoft Visual Studio Solution File, Format Version 12.00
# Visual Studio Version 16
VisualStudioVersion = 16.0.29920.165
MinimumVisualStudioVersion = 10.0.40219.1
Project("{FAE04EC0-301F-11D3-BF4B-00C04F79EFBC}") = "AzureServiceBusChainExercise", "AzureServiceBusChainExercise\AzureServiceBusChainExercise.csproj", "{8893C1A4-EB68-4557-8E67-CC0B64B857B2}"
EndProject
Project("{FAE04EC0-301F-11D3-BF4B-00C04F79EFBC}") = "JohnsReceiver", "JohnsReceiver\JohnsReceiver.csproj", "{4BFC9319-B299-4E3F-A324-27E40861F6A6}"
EndProject
Global
	GlobalSection(SolutionConfigurationPlatforms) = preSolution
		Debug|Any CPU = Debug|Any CPU
		Release|Any CPU = Release|Any CPU
	EndGlobalSection
	GlobalSection(ProjectConfigurationPlatforms) = postSolution
		{8893C1A4-EB68-4557-8E67-CC0B64B857B2}.Debug|Any CPU.ActiveCfg = Debug|Any CPU
		{8893C1A4-EB68-4557-8E67-CC0B64B857B2}.Debug|Any CPU.Build.0 = Debug|Any CPU
		{8893C1A4-EB68-4557-8E67-CC0B64B857B2}.Release|Any CPU.ActiveCfg = Release|Any CPU
		{8893C1A4-EB68-4557-8E67-CC0B64B857B2}.Release|Any CPU.Build.0 = Release|Any CPU
		{4BFC9319-B299-4E3F-A324-27E40861F6A6}.Debug|Any CPU.ActiveCfg = Debug|Any CPU
		{4BFC9319-B299-4E3F-A324-27E40861F6A6}.Debug|Any CPU.Build.0 = Debug|Any CPU
		{4BFC9319-B299-4E3F-A324-27E40861F6A6}.Release|Any CPU.ActiveCfg = Release|Any CPU
		{4BFC9319-B299-4E3F-A324-27E40861F6A6}.Release|Any CPU.Build.0 = Release|Any CPU
	EndGlobalSection
	GlobalSection(SolutionProperties) = preSolution
		HideSolutionNode = FALSE
	EndGlobalSection
	GlobalSection(ExtensibilityGlobals) = postSolution
		SolutionGuid = {18088628-5544-4747-BC3B-537C6FF6DCAC}
	EndGlobalSection
EndGlobal
